{
  "name": "AI",
  "lockfileVersion": 3,
  "requires": true,
  "packages": {
    "": {
      "dependencies": {
        "@cco2/carbon-weight": "^1.5.9"
      }
    },
    "node_modules/@cco2/carbon-weight": {
      "version": "1.5.9",
      "resolved": "https://registry.npmjs.org/@cco2/carbon-weight/-/carbon-weight-1.5.9.tgz",
      "integrity": "sha512-eHpzNAbxhHvc2trOXldg9/GwrlftHCjI8W81vNjhg61hT7ogRgwMvKJfsu2hnflLrkRZd3cXRav6tFyDF65jXw==",
      "license": "MIT",
      "engines": {
        "node": ">= 12.0.0"
      }
    }
  }
}
